
Microsoft Visual Studio Solution File, Format Version 12.00
# Visual Studio Version 17
VisualStudioVersion = 17.3.32929.385
MinimumVisualStudioVersion = 10.0.40219.1
Project("{FAE04EC0-301F-11D3-BF4B-00C04F79EFBC}") = "6HaftaOrnekYapılar(Structs)", "6HaftaOrnekYapılar(Structs)\6HaftaOrnekYapılar(Structs).csproj", "{DFA82111-0230-43EE-BBFD-C1AD52E57126}"
EndProject
Global
	GlobalSection(SolutionConfigurationPlatforms) = preSolution
		Debug|Any CPU = Debug|Any CPU
		Release|Any CPU = Release|Any CPU
	EndGlobalSection
	GlobalSection(ProjectConfigurationPlatforms) = postSolution
		{DFA82111-0230-43EE-BBFD-C1AD52E57126}.Debug|Any CPU.ActiveCfg = Debug|Any CPU
		{DFA82111-0230-43EE-BBFD-C1AD52E57126}.Debug|Any CPU.Build.0 = Debug|Any CPU
		{DFA82111-0230-43EE-BBFD-C1AD52E57126}.Release|Any CPU.ActiveCfg = Release|Any CPU
		{DFA82111-0230-43EE-BBFD-C1AD52E57126}.Release|Any CPU.Build.0 = Release|Any CPU
	EndGlobalSection
	GlobalSection(SolutionProperties) = preSolution
		HideSolutionNode = FALSE
	EndGlobalSection
	GlobalSection(ExtensibilityGlobals) = postSolution
		SolutionGuid = {8CFDD5C1-79E9-4C40-BB5D-A6F1B3376DE1}
	EndGlobalSection
EndGlobal
