
Microsoft Visual Studio Solution File, Format Version 12.00
# Visual Studio Version 17
VisualStudioVersion = 17.3.32929.385
MinimumVisualStudioVersion = 10.0.40219.1
Project("{FAE04EC0-301F-11D3-BF4B-00C04F79EFBC}") = "6HaftaOrnekNumaralandırılmalar", "6HaftaOrnekNumaralandırılmalar\6HaftaOrnekNumaralandırılmalar.csproj", "{2D7ABDE5-DCA2-4A69-8F91-E978258615EA}"
EndProject
Global
	GlobalSection(SolutionConfigurationPlatforms) = preSolution
		Debug|Any CPU = Debug|Any CPU
		Release|Any CPU = Release|Any CPU
	EndGlobalSection
	GlobalSection(ProjectConfigurationPlatforms) = postSolution
		{2D7ABDE5-DCA2-4A69-8F91-E978258615EA}.Debug|Any CPU.ActiveCfg = Debug|Any CPU
		{2D7ABDE5-DCA2-4A69-8F91-E978258615EA}.Debug|Any CPU.Build.0 = Debug|Any CPU
		{2D7ABDE5-DCA2-4A69-8F91-E978258615EA}.Release|Any CPU.ActiveCfg = Release|Any CPU
		{2D7ABDE5-DCA2-4A69-8F91-E978258615EA}.Release|Any CPU.Build.0 = Release|Any CPU
	EndGlobalSection
	GlobalSection(SolutionProperties) = preSolution
		HideSolutionNode = FALSE
	EndGlobalSection
	GlobalSection(ExtensibilityGlobals) = postSolution
		SolutionGuid = {6C8AE171-E8A4-434C-9F49-BD1E2874B55B}
	EndGlobalSection
EndGlobal
