
Microsoft Visual Studio Solution File, Format Version 12.00
# Visual Studio Version 17
VisualStudioVersion = 17.3.32929.385
MinimumVisualStudioVersion = 10.0.40219.1
Project("{FAE04EC0-301F-11D3-BF4B-00C04F79EFBC}") = "5HaftaOrnek5", "5HaftaOrnek5\5HaftaOrnek5.csproj", "{8281DE71-229F-442D-A72C-C3CF12A2EBB3}"
EndProject
Global
	GlobalSection(SolutionConfigurationPlatforms) = preSolution
		Debug|Any CPU = Debug|Any CPU
		Release|Any CPU = Release|Any CPU
	EndGlobalSection
	GlobalSection(ProjectConfigurationPlatforms) = postSolution
		{8281DE71-229F-442D-A72C-C3CF12A2EBB3}.Debug|Any CPU.ActiveCfg = Debug|Any CPU
		{8281DE71-229F-442D-A72C-C3CF12A2EBB3}.Debug|Any CPU.Build.0 = Debug|Any CPU
		{8281DE71-229F-442D-A72C-C3CF12A2EBB3}.Release|Any CPU.ActiveCfg = Release|Any CPU
		{8281DE71-229F-442D-A72C-C3CF12A2EBB3}.Release|Any CPU.Build.0 = Release|Any CPU
	EndGlobalSection
	GlobalSection(SolutionProperties) = preSolution
		HideSolutionNode = FALSE
	EndGlobalSection
	GlobalSection(ExtensibilityGlobals) = postSolution
		SolutionGuid = {6638B71D-7380-4433-92D9-C2CAD690D0CD}
	EndGlobalSection
EndGlobal
