
Microsoft Visual Studio Solution File, Format Version 12.00
# Visual Studio Version 17
VisualStudioVersion = 17.3.32922.545
MinimumVisualStudioVersion = 10.0.40219.1
Project("{FAE04EC0-301F-11D3-BF4B-00C04F79EFBC}") = "3haftaornek7", "3haftaornek7\3haftaornek7.csproj", "{B070142C-5E01-4A5B-9CD1-F80000453CC1}"
EndProject
Global
	GlobalSection(SolutionConfigurationPlatforms) = preSolution
		Debug|Any CPU = Debug|Any CPU
		Release|Any CPU = Release|Any CPU
	EndGlobalSection
	GlobalSection(ProjectConfigurationPlatforms) = postSolution
		{B070142C-5E01-4A5B-9CD1-F80000453CC1}.Debug|Any CPU.ActiveCfg = Debug|Any CPU
		{B070142C-5E01-4A5B-9CD1-F80000453CC1}.Debug|Any CPU.Build.0 = Debug|Any CPU
		{B070142C-5E01-4A5B-9CD1-F80000453CC1}.Release|Any CPU.ActiveCfg = Release|Any CPU
		{B070142C-5E01-4A5B-9CD1-F80000453CC1}.Release|Any CPU.Build.0 = Release|Any CPU
	EndGlobalSection
	GlobalSection(SolutionProperties) = preSolution
		HideSolutionNode = FALSE
	EndGlobalSection
	GlobalSection(ExtensibilityGlobals) = postSolution
		SolutionGuid = {378632B3-420F-4818-8C43-6AB9F435DC85}
	EndGlobalSection
EndGlobal
