
Microsoft Visual Studio Solution File, Format Version 12.00
# Visual Studio Version 17
VisualStudioVersion = 17.3.32929.385
MinimumVisualStudioVersion = 10.0.40219.1
Project("{FAE04EC0-301F-11D3-BF4B-00C04F79EFBC}") = "4HaftaOrnek5", "4HaftaOrnek5\4HaftaOrnek5.csproj", "{D4954E4A-8198-457B-81E4-206D54084808}"
EndProject
Global
	GlobalSection(SolutionConfigurationPlatforms) = preSolution
		Debug|Any CPU = Debug|Any CPU
		Release|Any CPU = Release|Any CPU
	EndGlobalSection
	GlobalSection(ProjectConfigurationPlatforms) = postSolution
		{D4954E4A-8198-457B-81E4-206D54084808}.Debug|Any CPU.ActiveCfg = Debug|Any CPU
		{D4954E4A-8198-457B-81E4-206D54084808}.Debug|Any CPU.Build.0 = Debug|Any CPU
		{D4954E4A-8198-457B-81E4-206D54084808}.Release|Any CPU.ActiveCfg = Release|Any CPU
		{D4954E4A-8198-457B-81E4-206D54084808}.Release|Any CPU.Build.0 = Release|Any CPU
	EndGlobalSection
	GlobalSection(SolutionProperties) = preSolution
		HideSolutionNode = FALSE
	EndGlobalSection
	GlobalSection(ExtensibilityGlobals) = postSolution
		SolutionGuid = {83EF74DB-A727-4EFC-B601-FE20E74F72DF}
	EndGlobalSection
EndGlobal
