
Microsoft Visual Studio Solution File, Format Version 12.00
# Visual Studio Version 17
VisualStudioVersion = 17.3.32922.545
MinimumVisualStudioVersion = 10.0.40219.1
Project("{FAE04EC0-301F-11D3-BF4B-00C04F79EFBC}") = "3haftaornek8", "3haftaornek8\3haftaornek8.csproj", "{0AB9B0F8-93A0-4329-AFF0-C45D9376C331}"
EndProject
Global
	GlobalSection(SolutionConfigurationPlatforms) = preSolution
		Debug|Any CPU = Debug|Any CPU
		Release|Any CPU = Release|Any CPU
	EndGlobalSection
	GlobalSection(ProjectConfigurationPlatforms) = postSolution
		{0AB9B0F8-93A0-4329-AFF0-C45D9376C331}.Debug|Any CPU.ActiveCfg = Debug|Any CPU
		{0AB9B0F8-93A0-4329-AFF0-C45D9376C331}.Debug|Any CPU.Build.0 = Debug|Any CPU
		{0AB9B0F8-93A0-4329-AFF0-C45D9376C331}.Release|Any CPU.ActiveCfg = Release|Any CPU
		{0AB9B0F8-93A0-4329-AFF0-C45D9376C331}.Release|Any CPU.Build.0 = Release|Any CPU
	EndGlobalSection
	GlobalSection(SolutionProperties) = preSolution
		HideSolutionNode = FALSE
	EndGlobalSection
	GlobalSection(ExtensibilityGlobals) = postSolution
		SolutionGuid = {127BBA50-38C8-49AA-BA8D-00124558DF0B}
	EndGlobalSection
EndGlobal
